
Microsoft Visual Studio Solution File, Format Version 12.00
# Visual Studio Version 16
VisualStudioVersion = 16.0.31205.134
MinimumVisualStudioVersion = 10.0.40219.1
Project("{FAE04EC0-301F-11D3-BF4B-00C04F79EFBC}") = "ConsoleApp1", "ConsoleApp1\ConsoleApp1.csproj", "{EE5413DA-2947-40DD-ADCA-0FD83EDF107A}"
EndProject
Global
	GlobalSection(SolutionConfigurationPlatforms) = preSolution
		Debug|Any CPU = Debug|Any CPU
		Release|Any CPU = Release|Any CPU
	EndGlobalSection
	GlobalSection(ProjectConfigurationPlatforms) = postSolution
		{EE5413DA-2947-40DD-ADCA-0FD83EDF107A}.Debug|Any CPU.ActiveCfg = Debug|Any CPU
		{EE5413DA-2947-40DD-ADCA-0FD83EDF107A}.Debug|Any CPU.Build.0 = Debug|Any CPU
		{EE5413DA-2947-40DD-ADCA-0FD83EDF107A}.Release|Any CPU.ActiveCfg = Release|Any CPU
		{EE5413DA-2947-40DD-ADCA-0FD83EDF107A}.Release|Any CPU.Build.0 = Release|Any CPU
	EndGlobalSection
	GlobalSection(SolutionProperties) = preSolution
		HideSolutionNode = FALSE
	EndGlobalSection
	GlobalSection(ExtensibilityGlobals) = postSolution
		SolutionGuid = {559573EC-2DB7-40A6-9D88-780ACD07EDBF}
	EndGlobalSection
EndGlobal
